
Microsoft Visual Studio Solution File, Format Version 12.00
# Visual Studio Version 16
VisualStudioVersion = 16.0.30406.217
MinimumVisualStudioVersion = 10.0.40219.1
Project("{FAE04EC0-301F-11D3-BF4B-00C04F79EFBC}") = "WebValdirReact", "WebValdirReact\WebValdirReact.csproj", "{9E5CB9FE-3A66-471F-9E76-D53F52824EAB}"
EndProject
Global
	GlobalSection(SolutionConfigurationPlatforms) = preSolution
		Debug|Any CPU = Debug|Any CPU
		Release|Any CPU = Release|Any CPU
	EndGlobalSection
	GlobalSection(ProjectConfigurationPlatforms) = postSolution
		{9E5CB9FE-3A66-471F-9E76-D53F52824EAB}.Debug|Any CPU.ActiveCfg = Debug|Any CPU
		{9E5CB9FE-3A66-471F-9E76-D53F52824EAB}.Debug|Any CPU.Build.0 = Debug|Any CPU
		{9E5CB9FE-3A66-471F-9E76-D53F52824EAB}.Release|Any CPU.ActiveCfg = Release|Any CPU
		{9E5CB9FE-3A66-471F-9E76-D53F52824EAB}.Release|Any CPU.Build.0 = Release|Any CPU
	EndGlobalSection
	GlobalSection(SolutionProperties) = preSolution
		HideSolutionNode = FALSE
	EndGlobalSection
	GlobalSection(ExtensibilityGlobals) = postSolution
		SolutionGuid = {0C94ACD0-375F-41FB-95C2-AD14C0E11BAD}
	EndGlobalSection
EndGlobal
